
Microsoft Visual Studio Solution File, Format Version 12.00
# Visual Studio Version 16
VisualStudioVersion = 16.0.29519.87
MinimumVisualStudioVersion = 10.0.40219.1
Project("{FAE04EC0-301F-11D3-BF4B-00C04F79EFBC}") = "SalesWebMvc", "SalesWebMvc\SalesWebMvc.csproj", "{3ACD3D47-F779-41F8-B133-2D70AE3A066E}"
EndProject
Global
	GlobalSection(SolutionConfigurationPlatforms) = preSolution
		Debug|Any CPU = Debug|Any CPU
		Release|Any CPU = Release|Any CPU
	EndGlobalSection
	GlobalSection(ProjectConfigurationPlatforms) = postSolution
		{3ACD3D47-F779-41F8-B133-2D70AE3A066E}.Debug|Any CPU.ActiveCfg = Debug|Any CPU
		{3ACD3D47-F779-41F8-B133-2D70AE3A066E}.Debug|Any CPU.Build.0 = Debug|Any CPU
		{3ACD3D47-F779-41F8-B133-2D70AE3A066E}.Release|Any CPU.ActiveCfg = Release|Any CPU
		{3ACD3D47-F779-41F8-B133-2D70AE3A066E}.Release|Any CPU.Build.0 = Release|Any CPU
	EndGlobalSection
	GlobalSection(SolutionProperties) = preSolution
		HideSolutionNode = FALSE
	EndGlobalSection
	GlobalSection(ExtensibilityGlobals) = postSolution
		SolutionGuid = {093ECC1F-5F07-465C-8F17-B4BB49D6E4EB}
	EndGlobalSection
EndGlobal
